{
  "name": "memomind",
  "version": "1.0.0",
  "lockfileVersion": 3,
  "requires": true,
  "packages": {
    "": {
      "name": "memomind",
      "version": "1.0.0",
      "license": "ISC",
      "dependencies": {
        "@types/node": "^24.0.1",
        "@types/string-similarity": "^4.0.2",
        "string-similarity": "^4.0.4"
      }
    },
    "node_modules/@types/node": {
      "version": "24.0.1",
      "resolved": "https://registry.npmjs.org/@types/node/-/node-24.0.1.tgz",
      "integrity": "sha512-MX4Zioh39chHlDJbKmEgydJDS3tspMP/lnQC67G3SWsTnb9NeYVWOjkxpOSy4oMfPs4StcWHwBrvUb4ybfnuaw==",
      "license": "MIT",
      "dependencies": {
        "undici-types": "~7.8.0"
      }
    },
    "node_modules/@types/string-similarity": {
      "version": "4.0.2",
      "resolved": "https://registry.npmjs.org/@types/string-similarity/-/string-similarity-4.0.2.tgz",
      "integrity": "sha512-LkJQ/jsXtCVMK+sKYAmX/8zEq+/46f1PTQw7YtmQwb74jemS1SlNLmARM2Zml9DgdDTWKAtc5L13WorpHPDjDA==",
      "license": "MIT"
    },
    "node_modules/string-similarity": {
      "version": "4.0.4",
      "resolved": "https://registry.npmjs.org/string-similarity/-/string-similarity-4.0.4.tgz",
      "integrity": "sha512-/q/8Q4Bl4ZKAPjj8WerIBJWALKkaPRfrvhfF8k/B23i4nzrlRj2/go1m90In7nG/3XDSbOo0+pu6RvCTM9RGMQ==",
      "deprecated": "Package no longer supported. Contact Support at https://www.npmjs.com/support for more info.",
      "license": "ISC"
    },
    "node_modules/undici-types": {
      "version": "7.8.0",
      "resolved": "https://registry.npmjs.org/undici-types/-/undici-types-7.8.0.tgz",
      "integrity": "sha512-9UJ2xGDvQ43tYyVMpuHlsgApydB8ZKfVYTsLDhXkFL/6gfkp+U8xTGdh8pMJv1SpZna0zxG1DwsKZsreLbXBxw==",
      "license": "MIT"
    }
  }
}
